
Microsoft Visual Studio Solution File, Format Version 12.00
# Visual Studio 14
VisualStudioVersion = 14.0.25420.1
MinimumVisualStudioVersion = 10.0.40219.1
Project("{2150E333-8FDC-42A3-9474-1A3956D46DE8}") = "src", "src", "{1655F495-FFE7-4B4C-9E36-45C31282DFFA}"
EndProject
Project("{2150E333-8FDC-42A3-9474-1A3956D46DE8}") = "Solution Items", "Solution Items", "{DA349B5A-B04A-4417-B542-61DB70C72DB2}"
	ProjectSection(SolutionItems) = preProject
		global.json = global.json
	EndProjectSection
EndProject
Project("{8BB2217D-0F2D-49D1-97BC-3654ED321F3B}") = "forLoop", "src\forLoop\forLoop.xproj", "{65942A17-1800-479D-A259-1E93DD8E08F2}"
EndProject
Global
	GlobalSection(SolutionConfigurationPlatforms) = preSolution
		Debug|Any CPU = Debug|Any CPU
		Release|Any CPU = Release|Any CPU
	EndGlobalSection
	GlobalSection(ProjectConfigurationPlatforms) = postSolution
		{65942A17-1800-479D-A259-1E93DD8E08F2}.Debug|Any CPU.ActiveCfg = Debug|Any CPU
		{65942A17-1800-479D-A259-1E93DD8E08F2}.Debug|Any CPU.Build.0 = Debug|Any CPU
		{65942A17-1800-479D-A259-1E93DD8E08F2}.Release|Any CPU.ActiveCfg = Release|Any CPU
		{65942A17-1800-479D-A259-1E93DD8E08F2}.Release|Any CPU.Build.0 = Release|Any CPU
	EndGlobalSection
	GlobalSection(SolutionProperties) = preSolution
		HideSolutionNode = FALSE
	EndGlobalSection
	GlobalSection(NestedProjects) = preSolution
		{65942A17-1800-479D-A259-1E93DD8E08F2} = {1655F495-FFE7-4B4C-9E36-45C31282DFFA}
	EndGlobalSection
EndGlobal
