
Microsoft Visual Studio Solution File, Format Version 12.00
# Visual Studio 14
VisualStudioVersion = 14.0.25420.1
MinimumVisualStudioVersion = 10.0.40219.1
Project("{2150E333-8FDC-42A3-9474-1A3956D46DE8}") = "src", "src", "{1AFCC0E6-5905-479C-A28C-8FFE3FE94C53}"
EndProject
Project("{2150E333-8FDC-42A3-9474-1A3956D46DE8}") = "Solution Items", "Solution Items", "{1045E2B8-F24D-4AE6-B680-4022E43CF253}"
	ProjectSection(SolutionItems) = preProject
		global.json = global.json
	EndProjectSection
EndProject
Project("{8BB2217D-0F2D-49D1-97BC-3654ED321F3B}") = "unitTwoPractice", "src\unitTwoPractice\unitTwoPractice.xproj", "{6BD542A1-8B78-4B74-8160-4BA6946B7E62}"
EndProject
Global
	GlobalSection(SolutionConfigurationPlatforms) = preSolution
		Debug|Any CPU = Debug|Any CPU
		Release|Any CPU = Release|Any CPU
	EndGlobalSection
	GlobalSection(ProjectConfigurationPlatforms) = postSolution
		{6BD542A1-8B78-4B74-8160-4BA6946B7E62}.Debug|Any CPU.ActiveCfg = Debug|Any CPU
		{6BD542A1-8B78-4B74-8160-4BA6946B7E62}.Debug|Any CPU.Build.0 = Debug|Any CPU
		{6BD542A1-8B78-4B74-8160-4BA6946B7E62}.Release|Any CPU.ActiveCfg = Release|Any CPU
		{6BD542A1-8B78-4B74-8160-4BA6946B7E62}.Release|Any CPU.Build.0 = Release|Any CPU
	EndGlobalSection
	GlobalSection(SolutionProperties) = preSolution
		HideSolutionNode = FALSE
	EndGlobalSection
	GlobalSection(NestedProjects) = preSolution
		{6BD542A1-8B78-4B74-8160-4BA6946B7E62} = {1AFCC0E6-5905-479C-A28C-8FFE3FE94C53}
	EndGlobalSection
EndGlobal
